{
  "version": 1,
  "dependencies": {
    "net8.0-windows10.0.19041": {
      "HtmlAgilityPack": {
        "type": "Direct",
        "requested": "[1.11.61, )",
        "resolved": "1.11.61",
        "contentHash": "hqZASeEFHS9quHvfZSwaULoAJLWkOYVPiQjc3P9J4pQS8vSYzrP3bxe04Vm7vYYuxwbQhq9hCSVvZVLTyRaNaQ=="
      },
      "Nerdbank.GitVersioning": {
        "type": "Direct",
        "requested": "[3.6.139, )",
        "resolved": "3.6.139",
        "contentHash": "rq0Ub/Jik7PtMtZtLn0tHuJ01Yt36RQ+eeBe+S7qnJ/EFOX6D4T9zuYD3vQPYKGI6Ro4t2iWgFm3fGDgjBrMfg=="
      }
    },
    "net8.0-windows10.0.19041/win-x64": {}
  }
}